name = "Demo"
uuid = "11111111-1111-1111-1111-111111111111"
version = "0.1.0"

[deps]
Example = "7876af07-990d-54b4-ab0e-23690620f79a"
LocalPkg = "22222222-2222-2222-2222-222222222222"
GitPkg = "33333333-3333-3333-3333-333333333333"

[compat]
Example = "1.2"
LocalPkg = "0.1"
GitPkg = "0.3"
julia = "1.10"

[sources]
LocalPkg = { path = "deps/LocalPkg" }
GitPkg = { url = "https://github.com/example/GitPkg.jl", rev = "main" }
